<Solution>
  <Folder Name="/SolutionItems/">
    <File Path=".circleci/config.yml" />
    <File Path=".github/copilot-instructions.md" />
  </Folder>
  <Project Path="Baubit.Mediation.DI.Test/Baubit.Mediation.DI.Test.csproj" Id="d1b4288d-dce1-45d2-8b1d-7f8660128fc0" />
  <Project Path="Baubit.Mediation.DI/Baubit.Mediation.DI.csproj" />
</Solution>
